# THIS IS AN AUTOGENERATED FILE. DO NOT EDIT THIS FILE DIRECTLY.
# yarn lockfile v1


card-validator@^8.1.1:
  version "8.1.1"
  resolved "https://registry.yarnpkg.com/card-validator/-/card-validator-8.1.1.tgz#418f5f32435553fb9ca2a02634ad413bb38697a9"
  integrity sha512-cN4FsKwoTfTFnqPwVc7TQLSsH/QMDB3n/gWm0XelcApz4sKipnOQ6k33sa3bWsNnnIpgs7eXOF+mUV2UQAX2Sw==
  dependencies:
    credit-card-type "^9.1.0"

credit-card-type@^9.1.0:
  version "9.1.0"
  resolved "https://registry.yarnpkg.com/credit-card-type/-/credit-card-type-9.1.0.tgz#54dd96c93b6579623e9c8656e6798fc2b93f5f05"
  integrity sha512-CpNFuLxiPFxuZqhSKml3M+t0K/484pMAnfYWH14JoD7OZMnmC0Lmo+P7JX9SobqFpRoo7ifA18kOHdxJywYPEA==

moment@^2.29.1:
  version "2.29.1"
  resolved "https://registry.yarnpkg.com/moment/-/moment-2.29.1.tgz#b2be769fa31940be9eeea6469c075e35006fa3d3"
  integrity sha512-kHmoybcPV8Sqy59DwNDY3Jefr64lK/by/da0ViFcuA4DH0vQg5Q6Ze5VimxkfQNSC+Mls/Kx53s7TjP1RhFEDQ==
